
Microsoft Visual Studio Solution File, Format Version 12.00
# Visual Studio Version 17
VisualStudioVersion = 17.4.33213.308
MinimumVisualStudioVersion = 10.0.40219.1
Project("{9A19103F-16F7-4668-BE54-9A1E7A4F7556}") = "BeursCafeWPF", "BeursCafeWPF\BeursCafeWPF.csproj", "{F418742B-7531-4D4C-AA11-936E2E93D116}"
EndProject
Project("{FAE04EC0-301F-11D3-BF4B-00C04F79EFBC}") = "BeursCafeBusiness", "BeursCafeBusiness\BeursCafeBusiness.csproj", "{3963DC51-8745-470D-86BD-4E0027C37A54}"
EndProject
Global
	GlobalSection(SolutionConfigurationPlatforms) = preSolution
		Debug|Any CPU = Debug|Any CPU
		Release|Any CPU = Release|Any CPU
	EndGlobalSection
	GlobalSection(ProjectConfigurationPlatforms) = postSolution
		{F418742B-7531-4D4C-AA11-936E2E93D116}.Debug|Any CPU.ActiveCfg = Debug|Any CPU
		{F418742B-7531-4D4C-AA11-936E2E93D116}.Debug|Any CPU.Build.0 = Debug|Any CPU
		{F418742B-7531-4D4C-AA11-936E2E93D116}.Release|Any CPU.ActiveCfg = Release|Any CPU
		{F418742B-7531-4D4C-AA11-936E2E93D116}.Release|Any CPU.Build.0 = Release|Any CPU
		{3963DC51-8745-470D-86BD-4E0027C37A54}.Debug|Any CPU.ActiveCfg = Debug|Any CPU
		{3963DC51-8745-470D-86BD-4E0027C37A54}.Debug|Any CPU.Build.0 = Debug|Any CPU
		{3963DC51-8745-470D-86BD-4E0027C37A54}.Release|Any CPU.ActiveCfg = Release|Any CPU
		{3963DC51-8745-470D-86BD-4E0027C37A54}.Release|Any CPU.Build.0 = Release|Any CPU
	EndGlobalSection
	GlobalSection(SolutionProperties) = preSolution
		HideSolutionNode = FALSE
	EndGlobalSection
	GlobalSection(ExtensibilityGlobals) = postSolution
		SolutionGuid = {AF069E8A-E75B-4178-AA9D-839F62EC96F0}
	EndGlobalSection
EndGlobal
